
Microsoft Visual Studio Solution File, Format Version 12.00
# Visual Studio 14
VisualStudioVersion = 14.0.25420.1
MinimumVisualStudioVersion = 10.0.40219.1
Project("{FAE04EC0-301F-11D3-BF4B-00C04F79EFBC}") = "ConsoleShortcuts", "ConsoleShortcuts\ConsoleShortcuts.csproj", "{F20E4E64-71A7-40CE-94EB-499B1D8C67E8}"
EndProject
Project("{FAE04EC0-301F-11D3-BF4B-00C04F79EFBC}") = "ModularTerminal", "ModularTerminal\ModularTerminal.csproj", "{317F6D7E-DE65-4015-989E-F9BC60900332}"
EndProject
Global
	GlobalSection(SolutionConfigurationPlatforms) = preSolution
		Debug|Any CPU = Debug|Any CPU
		Release|Any CPU = Release|Any CPU
	EndGlobalSection
	GlobalSection(ProjectConfigurationPlatforms) = postSolution
		{F20E4E64-71A7-40CE-94EB-499B1D8C67E8}.Debug|Any CPU.ActiveCfg = Debug|Any CPU
		{F20E4E64-71A7-40CE-94EB-499B1D8C67E8}.Debug|Any CPU.Build.0 = Debug|Any CPU
		{F20E4E64-71A7-40CE-94EB-499B1D8C67E8}.Release|Any CPU.ActiveCfg = Release|Any CPU
		{F20E4E64-71A7-40CE-94EB-499B1D8C67E8}.Release|Any CPU.Build.0 = Release|Any CPU
		{317F6D7E-DE65-4015-989E-F9BC60900332}.Debug|Any CPU.ActiveCfg = Debug|Any CPU
		{317F6D7E-DE65-4015-989E-F9BC60900332}.Debug|Any CPU.Build.0 = Debug|Any CPU
		{317F6D7E-DE65-4015-989E-F9BC60900332}.Release|Any CPU.ActiveCfg = Release|Any CPU
		{317F6D7E-DE65-4015-989E-F9BC60900332}.Release|Any CPU.Build.0 = Release|Any CPU
	EndGlobalSection
	GlobalSection(SolutionProperties) = preSolution
		HideSolutionNode = FALSE
	EndGlobalSection
EndGlobal
